
Microsoft Visual Studio Solution File, Format Version 12.00
# Visual Studio Version 17
VisualStudioVersion = 17.9.34728.123
MinimumVisualStudioVersion = 10.0.40219.1
Project("{9A19103F-16F7-4668-BE54-9A1E7A4F7556}") = "clean.architecture.api", "clean.architecture.api.csproj", "{750C5821-2482-4384-B58F-D897B27BB0AF}"
EndProject
Project("{9A19103F-16F7-4668-BE54-9A1E7A4F7556}") = "ProductApp.API", "..\ProductApp.API\ProductApp.API.csproj", "{7B32D20F-7711-4406-A450-ABC3E55F0F15}"
EndProject
Project("{9A19103F-16F7-4668-BE54-9A1E7A4F7556}") = "ProductApp.Application", "..\ProductApp.Application\ProductApp.Application.csproj", "{6C8B1DB7-5971-46A6-AD0D-897998FB5F3C}"
EndProject
Project("{9A19103F-16F7-4668-BE54-9A1E7A4F7556}") = "ProductApp.Domain", "..\ProductApp.Domain\ProductApp.Domain.csproj", "{F54A317A-AA5F-4B35-9CF2-DA1995AA8681}"
EndProject
Project("{9A19103F-16F7-4668-BE54-9A1E7A4F7556}") = "ProductApp.Infrastructure", "..\ProductApp.Infrastructure\ProductApp.Infrastructure.csproj", "{44F97EF2-4606-4806-9AC7-2D020C37BAE4}"
EndProject
Global
	GlobalSection(SolutionConfigurationPlatforms) = preSolution
		Debug|Any CPU = Debug|Any CPU
		Release|Any CPU = Release|Any CPU
	EndGlobalSection
	GlobalSection(ProjectConfigurationPlatforms) = postSolution
		{750C5821-2482-4384-B58F-D897B27BB0AF}.Debug|Any CPU.ActiveCfg = Debug|Any CPU
		{750C5821-2482-4384-B58F-D897B27BB0AF}.Debug|Any CPU.Build.0 = Debug|Any CPU
		{750C5821-2482-4384-B58F-D897B27BB0AF}.Release|Any CPU.ActiveCfg = Release|Any CPU
		{750C5821-2482-4384-B58F-D897B27BB0AF}.Release|Any CPU.Build.0 = Release|Any CPU
		{7B32D20F-7711-4406-A450-ABC3E55F0F15}.Debug|Any CPU.ActiveCfg = Debug|Any CPU
		{7B32D20F-7711-4406-A450-ABC3E55F0F15}.Debug|Any CPU.Build.0 = Debug|Any CPU
		{7B32D20F-7711-4406-A450-ABC3E55F0F15}.Release|Any CPU.ActiveCfg = Release|Any CPU
		{7B32D20F-7711-4406-A450-ABC3E55F0F15}.Release|Any CPU.Build.0 = Release|Any CPU
		{6C8B1DB7-5971-46A6-AD0D-897998FB5F3C}.Debug|Any CPU.ActiveCfg = Debug|Any CPU
		{6C8B1DB7-5971-46A6-AD0D-897998FB5F3C}.Debug|Any CPU.Build.0 = Debug|Any CPU
		{6C8B1DB7-5971-46A6-AD0D-897998FB5F3C}.Release|Any CPU.ActiveCfg = Release|Any CPU
		{6C8B1DB7-5971-46A6-AD0D-897998FB5F3C}.Release|Any CPU.Build.0 = Release|Any CPU
		{F54A317A-AA5F-4B35-9CF2-DA1995AA8681}.Debug|Any CPU.ActiveCfg = Debug|Any CPU
		{F54A317A-AA5F-4B35-9CF2-DA1995AA8681}.Debug|Any CPU.Build.0 = Debug|Any CPU
		{F54A317A-AA5F-4B35-9CF2-DA1995AA8681}.Release|Any CPU.ActiveCfg = Release|Any CPU
		{F54A317A-AA5F-4B35-9CF2-DA1995AA8681}.Release|Any CPU.Build.0 = Release|Any CPU
		{44F97EF2-4606-4806-9AC7-2D020C37BAE4}.Debug|Any CPU.ActiveCfg = Debug|Any CPU
		{44F97EF2-4606-4806-9AC7-2D020C37BAE4}.Debug|Any CPU.Build.0 = Debug|Any CPU
		{44F97EF2-4606-4806-9AC7-2D020C37BAE4}.Release|Any CPU.ActiveCfg = Release|Any CPU
		{44F97EF2-4606-4806-9AC7-2D020C37BAE4}.Release|Any CPU.Build.0 = Release|Any CPU
	EndGlobalSection
	GlobalSection(SolutionProperties) = preSolution
		HideSolutionNode = FALSE
	EndGlobalSection
	GlobalSection(ExtensibilityGlobals) = postSolution
		SolutionGuid = {E85A0551-8CC2-4277-B7D5-BD56F0C37959}
	EndGlobalSection
EndGlobal
